// !$*UTF8*$!
{
	archiveVersion = 1;
	classes = {
	};
	objectVersion = 46;
	objects = {

/* Begin PBXBuildFile section */
		C98C156C1A745C1900B53D6B /* main.m in Sources */ = {isa = PBXBuildFile; fileRef = C98C156B1A745C1900B53D6B /* main.m */; };
		C98C156F1A745C1900B53D6B /* AppDelegate.m in Sources */ = {isa = PBXBuildFile; fileRef = C98C156E1A745C1900B53D6B /* AppDelegate.m */; };
		C98C15721A745C1900B53D6B /* ViewController.m in Sources */ = {isa = PBXBuildFile; fileRef = C98C15711A745C1900B53D6B /* ViewController.m */; };
		C98C15751A745C1900B53D6B /* Main.storyboard in Resources */ = {isa = PBXBuildFile; fileRef = C98C15731A745C1900B53D6B /* Main.storyboard */; };
		C98C15771A745C1900B53D6B /* Images.xcassets in Resources */ = {isa = PBXBuildFile; fileRef = C98C15761A745C1900B53D6B /* Images.xcassets */; };
		C98C157A1A745C1900B53D6B /* LaunchScreen.xib in Resources */ = {isa = PBXBuildFile; fileRef = C98C15781A745C1900B53D6B /* LaunchScreen.xib */; };
		C98C15861A745C1900B53D6B /* SKActionSheetTests.m in Sources */ = {isa = PBXBuildFile; fileRef = C98C15851A745C1900B53D6B /* SKActionSheetTests.m */; };
/* End PBXBuildFile section */

/* Begin PBXContainerItemProxy section */
		C98C15801A745C1900B53D6B /* PBXContainerItemProxy */ = {
			isa = PBXContainerItemProxy;
			containerPortal = C98C155E1A745C1900B53D6B /* Project object */;
			proxyType = 1;
			remoteGlobalIDString = C98C15651A745C1900B53D6B;
			remoteInfo = SKActionSheet;
		};
/* End PBXContainerItemProxy section */

/* Begin PBXFileReference section */
		C98C15661A745C1900B53D6B /* SKActionSheet.app */ = {isa = PBXFileReference; explicitFileType = wrapper.application; includeInIndex = 0; path = SKActionSheet.app; sourceTree = BUILT_PRODUCTS_DIR; };
		C98C156A1A745C1900B53D6B /* Info.plist */ = {isa = PBXFileReference; lastKnownFileType = text.plist.xml; path = Info.plist; sourceTree = "<group>"; };
		C98C156B1A745C1900B53D6B /* main.m */ = {isa = PBXFileReference; lastKnownFileType = sourcecode.c.objc; path = main.m; sourceTree = "<group>"; };
		C98C156D1A745C1900B53D6B /* AppDelegate.h */ = {isa = PBXFileReference; lastKnownFileType = sourcecode.c.h; path = AppDelegate.h; sourceTree = "<group>"; };
		C98C156E1A745C1900B53D6B /* AppDelegate.m */ = {isa = PBXFileReference; lastKnownFileType = sourcecode.c.objc; path = AppDelegate.m; sourceTree = "<group>"; };
		C98C15701A745C1900B53D6B /* ViewController.h */ = {isa = PBXFileReference; lastKnownFileType = sourcecode.c.h; path = ViewController.h; sourceTree = "<group>"; };
		C98C15711A745C1900B53D6B /* ViewController.m */ = {isa = PBXFileReference; lastKnownFileType = sourcecode.c.objc; path = ViewController.m; sourceTree = "<group>"; };
		C98C15741A745C1900B53D6B /* Base */ = {isa = PBXFileReference; lastKnownFileType = file.storyboard; name = Base; path = Base.lproj/Main.storyboard; sourceTree = "<group>"; };
		C98C15761A745C1900B53D6B /* Images.xcassets */ = {isa = PBXFileReference; lastKnownFileType = folder.assetcatalog; path = Images.xcassets; sourceTree = "<group>"; };
		C98C15791A745C1900B53D6B /* Base */ = {isa = PBXFileReference; lastKnownFileType = file.xib; name = Base; path = Base.lproj/LaunchScreen.xib; sourceTree = "<group>"; };
		C98C157F1A745C1900B53D6B /* SKActionSheetTests.xctest */ = {isa = PBXFileReference; explicitFileType = wrapper.cfbundle; includeInIndex = 0; path = SKActionSheetTests.xctest; sourceTree = BUILT_PRODUCTS_DIR; };
		C98C15841A745C1900B53D6B /* Info.plist */ = {isa = PBXFileReference; lastKnownFileType = text.plist.xml; path = Info.plist; sourceTree = "<group>"; };
		C98C15851A745C1900B53D6B /* SKActionSheetTests.m */ = {isa = PBXFileReference; lastKnownFileType = sourcecode.c.objc; path = SKActionSheetTests.m; sourceTree = "<group>"; };
/* End PBXFileReference section */

/* Begin PBXFrameworksBuildPhase section */
		C98C15631A745C1900B53D6B /* Frameworks */ = {
			isa = PBXFrameworksBuildPhase;
			buildActionMask = 2147483647;
			files = (
			);
			runOnlyForDeploymentPostprocessing = 0;
		};
		C98C157C1A745C1900B53D6B /* Frameworks */ = {
			isa = PBXFrameworksBuildPhase;
			buildActionMask = 2147483647;
			files = (
			);
			runOnlyForDeploymentPostprocessing = 0;
		};
/* End PBXFrameworksBuildPhase section */

/* Begin PBXGroup section */
		C98C155D1A745C1900B53D6B = {
			isa = PBXGroup;
			children = (
				C98C15681A745C1900B53D6B /* SKActionSheet */,
				C98C15821A745C1900B53D6B /* SKActionSheetTests */,
				C98C15671A745C1900B53D6B /* Products */,
			);
			sourceTree = "<group>";
		};
		C98C15671A745C1900B53D6B /* Products */ = {
			isa = PBXGroup;
			children = (
				C98C15661A745C1900B53D6B /* SKActionSheet.app */,
				C98C157F1A745C1900B53D6B /* SKActionSheetTests.xctest */,
			);
			name = Products;
			sourceTree = "<group>";
		};
		C98C15681A745C1900B53D6B /* SKActionSheet */ = {
			isa = PBXGroup;
			children = (
				C98C156D1A745C1900B53D6B /* AppDelegate.h */,
				C98C156E1A745C1900B53D6B /* AppDelegate.m */,
				C98C15701A745C1900B53D6B /* ViewController.h */,
				C98C15711A745C1900B53D6B /* ViewController.m */,
				C98C15731A745C1900B53D6B /* Main.storyboard */,
				C98C15761A745C1900B53D6B /* Images.xcassets */,
				C98C15781A745C1900B53D6B /* LaunchScreen.xib */,
				C98C15691A745C1900B53D6B /* Supporting Files */,
			);
			path = SKActionSheet;
			sourceTree = "<group>";
		};
		C98C15691A745C1900B53D6B /* Supporting Files */ = {
			isa = PBXGroup;
			children = (
				C98C156A1A745C1900B53D6B /* Info.plist */,
				C98C156B1A745C1900B53D6B /* main.m */,
			);
			name = "Supporting Files";
			sourceTree = "<group>";
		};
		C98C15821A745C1900B53D6B /* SKActionSheetTests */ = {
			isa = PBXGroup;
			children = (
				C98C15851A745C1900B53D6B /* SKActionSheetTests.m */,
				C98C15831A745C1900B53D6B /* Supporting Files */,
			);
			path = SKActionSheetTests;
			sourceTree = "<group>";
		};
		C98C15831A745C1900B53D6B /* Supporting Files */ = {
			isa = PBXGroup;
			children = (
				C98C15841A745C1900B53D6B /* Info.plist */,
			);
			name = "Supporting Files";
			sourceTree = "<group>";
		};
/* End PBXGroup section */

/* Begin PBXNativeTarget section */
		C98C15651A745C1900B53D6B /* SKActionSheet */ = {
			isa = PBXNativeTarget;
			buildConfigurationList = C98C15891A745C1900B53D6B /* Build configuration list for PBXNativeTarget "SKActionSheet" */;
			buildPhases = (
				C98C15621A745C1900B53D6B /* Sources */,
				C98C15631A745C1900B53D6B /* Frameworks */,
				C98C15641A745C1900B53D6B /* Resources */,
			);
			buildRules = (
			);
			dependencies = (
			);
			name = SKActionSheet;
			productName = SKActionSheet;
			productReference = C98C15661A745C1900B53D6B /* SKActionSheet.app */;
			productType = "com.apple.product-type.application";
		};
		C98C157E1A745C1900B53D6B /* SKActionSheetTests */ = {
			isa = PBXNativeTarget;
			buildConfigurationList = C98C158C1A745C1900B53D6B /* Build configuration list for PBXNativeTarget "SKActionSheetTests" */;
			buildPhases = (
				C98C157B1A745C1900B53D6B /* Sources */,
				C98C157C1A745C1900B53D6B /* Frameworks */,
				C98C157D1A745C1900B53D6B /* Resources */,
			);
			buildRules = (
			);
			dependencies = (
				C98C15811A745C1900B53D6B /* PBXTargetDependency */,
			);
			name = SKActionSheetTests;
			productName = SKActionSheetTests;
			productReference = C98C157F1A745C1900B53D6B /* SKActionSheetTests.xctest */;
			productType = "com.apple.product-type.bundle.unit-test";
		};
/* End PBXNativeTarget section */

/* Begin PBXProject section */
		C98C155E1A745C1900B53D6B /* Project object */ = {
			isa = PBXProject;
			attributes = {
				LastUpgradeCheck = 0610;
				ORGANIZATIONNAME = "Adit Hasan";
				TargetAttributes = {
					C98C15651A745C1900B53D6B = {
						CreatedOnToolsVersion = 6.1;
					};
					C98C157E1A745C1900B53D6B = {
						CreatedOnToolsVersion = 6.1;
						TestTargetID = C98C15651A745C1900B53D6B;
					};
				};
			};
			buildConfigurationList = C98C15611A745C1900B53D6B /* Build configuration list for PBXProject "SKActionSheet" */;
			compatibilityVersion = "Xcode 3.2";
			developmentRegion = English;
			hasScannedForEncodings = 0;
			knownRegions = (
				en,
				Base,
			);
			mainGroup = C98C155D1A745C1900B53D6B;
			productRefGroup = C98C15671A745C1900B53D6B /* Products */;
			projectDirPath = "";
			projectRoot = "";
			targets = (
				C98C15651A745C1900B53D6B /* SKActionSheet */,
				C98C157E1A745C1900B53D6B /* SKActionSheetTests */,
			);
		};
/* End PBXProject section */

/* Begin PBXResourcesBuildPhase section */
		C98C15641A745C1900B53D6B /* Resources */ = {
			isa = PBXResourcesBuildPhase;
			buildActionMask = 2147483647;
			files = (
				C98C15751A745C1900B53D6B /* Main.storyboard in Resources */,
				C98C157A1A745C1900B53D6B /* LaunchScreen.xib in Resources */,
				C98C15771A745C1900B53D6B /* Images.xcassets in Resources */,
			);
			runOnlyForDeploymentPostprocessing = 0;
		};
		C98C157D1A745C1900B53D6B /* Resources */ = {
			isa = PBXResourcesBuildPhase;
			buildActionMask = 2147483647;
			files = (
			);
			runOnlyForDeploymentPostprocessing = 0;
		};
/* End PBXResourcesBuildPhase section */

/* Begin PBXSourcesBuildPhase section */
		C98C15621A745C1900B53D6B /* Sources */ = {
			isa = PBXSourcesBuildPhase;
			buildActionMask = 2147483647;
			files = (
				C98C15721A745C1900B53D6B /* ViewController.m in Sources */,
				C98C156F1A745C1900B53D6B /* AppDelegate.m in Sources */,
				C98C156C1A745C1900B53D6B /* main.m in Sources */,
			);
			runOnlyForDeploymentPostprocessing = 0;
		};
		C98C157B1A745C1900B53D6B /* Sources */ = {
			isa = PBXSourcesBuildPhase;
			buildActionMask = 2147483647;
			files = (
				C98C15861A745C1900B53D6B /* SKActionSheetTests.m in Sources */,
			);
			runOnlyForDeploymentPostprocessing = 0;
		};
/* End PBXSourcesBuildPhase section */

/* Begin PBXTargetDependency section */
		C98C15811A745C1900B53D6B /* PBXTargetDependency */ = {
			isa = PBXTargetDependency;
			target = C98C15651A745C1900B53D6B /* SKActionSheet */;
			targetProxy = C98C15801A745C1900B53D6B /* PBXContainerItemProxy */;
		};
/* End PBXTargetDependency section */

/* Begin PBXVariantGroup section */
		C98C15731A745C1900B53D6B /* Main.storyboard */ = {
			isa = PBXVariantGroup;
			children = (
				C98C15741A745C1900B53D6B /* Base */,
			);
			name = Main.storyboard;
			sourceTree = "<group>";
		};
		C98C15781A745C1900B53D6B /* LaunchScreen.xib */ = {
			isa = PBXVariantGroup;
			children = (
				C98C15791A745C1900B53D6B /* Base */,
			);
			name = LaunchScreen.xib;
			sourceTree = "<group>";
		};
/* End PBXVariantGroup section */

/* Begin XCBuildConfiguration section */
		C98C15871A745C1900B53D6B /* Debug */ = {
			isa = XCBuildConfiguration;
			buildSettings = {
				ALWAYS_SEARCH_USER_PATHS = NO;
				CLANG_CXX_LANGUAGE_STANDARD = "gnu++0x";
				CLANG_CXX_LIBRARY = "libc++";
				CLANG_ENABLE_MODULES = YES;
				CLANG_ENABLE_OBJC_ARC = YES;
				CLANG_WARN_BOOL_CONVERSION = YES;
				CLANG_WARN_CONSTANT_CONVERSION = YES;
				CLANG_WARN_DIRECT_OBJC_ISA_USAGE = YES_ERROR;
				CLANG_WARN_EMPTY_BODY = YES;
				CLANG_WARN_ENUM_CONVERSION = YES;
				CLANG_WARN_INT_CONVERSION = YES;
				CLANG_WARN_OBJC_ROOT_CLASS = YES_ERROR;
				CLANG_WARN_UNREACHABLE_CODE = YES;
				CLANG_WARN__DUPLICATE_METHOD_MATCH = YES;
				"CODE_SIGN_IDENTITY[sdk=iphoneos*]" = "iPhone Developer";
				COPY_PHASE_STRIP = NO;
				ENABLE_STRICT_OBJC_MSGSEND = YES;
				GCC_C_LANGUAGE_STANDARD = gnu99;
				GCC_DYNAMIC_NO_PIC = NO;
				GCC_OPTIMIZATION_LEVEL = 0;
				GCC_PREPROCESSOR_DEFINITIONS = (
					"DEBUG=1",
					"$(inherited)",
				);
				GCC_SYMBOLS_PRIVATE_EXTERN = NO;
				GCC_WARN_64_TO_32_BIT_CONVERSION = YES;
				GCC_WARN_ABOUT_RETURN_TYPE = YES_ERROR;
				GCC_WARN_UNDECLARED_SELECTOR = YES;
				GCC_WARN_UNINITIALIZED_AUTOS = YES_AGGRESSIVE;
				GCC_WARN_UNUSED_FUNCTION = YES;
				GCC_WARN_UNUSED_VARIABLE = YES;
				IPHONEOS_DEPLOYMENT_TARGET = 8.1;
				MTL_ENABLE_DEBUG_INFO = YES;
				ONLY_ACTIVE_ARCH = YES;
				SDKROOT = iphoneos;
			};
			name = Debug;
		};
		C98C15881A745C1900B53D6B /* Release */ = {
			isa = XCBuildConfiguration;
			buildSettings = {
				ALWAYS_SEARCH_USER_PATHS = NO;
				CLANG_CXX_LANGUAGE_STANDARD = "gnu++0x";
				CLANG_CXX_LIBRARY = "libc++";
				CLANG_ENABLE_MODULES = YES;
				CLANG_ENABLE_OBJC_ARC = YES;
				CLANG_WARN_BOOL_CONVERSION = YES;
				CLANG_WARN_CONSTANT_CONVERSION = YES;
				CLANG_WARN_DIRECT_OBJC_ISA_USAGE = YES_ERROR;
				CLANG_WARN_EMPTY_BODY = YES;
				CLANG_WARN_ENUM_CONVERSION = YES;
				CLANG_WARN_INT_CONVERSION = YES;
				CLANG_WARN_OBJC_ROOT_CLASS = YES_ERROR;
				CLANG_WARN_UNREACHABLE_CODE = YES;
				CLANG_WARN__DUPLICATE_METHOD_MATCH = YES;
				"CODE_SIGN_IDENTITY[sdk=iphoneos*]" = "iPhone Developer";
				COPY_PHASE_STRIP = YES;
				ENABLE_NS_ASSERTIONS = NO;
				ENABLE_STRICT_OBJC_MSGSEND = YES;
				GCC_C_LANGUAGE_STANDARD = gnu99;
				GCC_WARN_64_TO_32_BIT_CONVERSION = YES;
				GCC_WARN_ABOUT_RETURN_TYPE = YES_ERROR;
				GCC_WARN_UNDECLARED_SELECTOR = YES;
				GCC_WARN_UNINITIALIZED_AUTOS = YES_AGGRESSIVE;
				GCC_WARN_UNUSED_FUNCTION = YES;
				GCC_WARN_UNUSED_VARIABLE = YES;
				IPHONEOS_DEPLOYMENT_TARGET = 8.1;
				MTL_ENABLE_DEBUG_INFO = NO;
				SDKROOT = iphoneos;
				VALIDATE_PRODUCT = YES;
			};
			name = Release;
		};
		C98C158A1A745C1900B53D6B /* Debug */ = {
			isa = XCBuildConfiguration;
			buildSettings = {
				ASSETCATALOG_COMPILER_APPICON_NAME = AppIcon;
				INFOPLIST_FILE = SKActionSheet/Info.plist;
				LD_RUNPATH_SEARCH_PATHS = "$(inherited) @executable_path/Frameworks";
				PRODUCT_NAME = "$(TARGET_NAME)";
			};
			name = Debug;
		};
		C98C158B1A745C1900B53D6B /* Release */ = {
			isa = XCBuildConfiguration;
			buildSettings = {
				ASSETCATALOG_COMPILER_APPICON_NAME = AppIcon;
				INFOPLIST_FILE = SKActionSheet/Info.plist;
				LD_RUNPATH_SEARCH_PATHS = "$(inherited) @executable_path/Frameworks";
				PRODUCT_NAME = "$(TARGET_NAME)";
			};
			name = Release;
		};
		C98C158D1A745C1900B53D6B /* Debug */ = {
			isa = XCBuildConfiguration;
			buildSettings = {
				BUNDLE_LOADER = "$(TEST_HOST)";
				FRAMEWORK_SEARCH_PATHS = (
					"$(SDKROOT)/Developer/Library/Frameworks",
					"$(inherited)",
				);
				GCC_PREPROCESSOR_DEFINITIONS = (
					"DEBUG=1",
					"$(inherited)",
				);
				INFOPLIST_FILE = SKActionSheetTests/Info.plist;
				LD_RUNPATH_SEARCH_PATHS = "$(inherited) @executable_path/Frameworks @loader_path/Frameworks";
				PRODUCT_NAME = "$(TARGET_NAME)";
				TEST_HOST = "$(BUILT_PRODUCTS_DIR)/SKActionSheet.app/SKActionSheet";
			};
			name = Debug;
		};
		C98C158E1A745C1900B53D6B /* Release */ = {
			isa = XCBuildConfiguration;
			buildSettings = {
				BUNDLE_LOADER = "$(TEST_HOST)";
				FRAMEWORK_SEARCH_PATHS = (
					"$(SDKROOT)/Developer/Library/Frameworks",
					"$(inherited)",
				);
				INFOPLIST_FILE = SKActionSheetTests/Info.plist;
				LD_RUNPATH_SEARCH_PATHS = "$(inherited) @executable_path/Frameworks @loader_path/Frameworks";
				PRODUCT_NAME = "$(TARGET_NAME)";
				TEST_HOST = "$(BUILT_PRODUCTS_DIR)/SKActionSheet.app/SKActionSheet";
			};
			name = Release;
		};
/* End XCBuildConfiguration section */

/* Begin XCConfigurationList section */
		C98C15611A745C1900B53D6B /* Build configuration list for PBXProject "SKActionSheet" */ = {
			isa = XCConfigurationList;
			buildConfigurations = (
				C98C15871A745C1900B53D6B /* Debug */,
				C98C15881A745C1900B53D6B /* Release */,
			);
			defaultConfigurationIsVisible = 0;
			defaultConfigurationName = Release;
		};
		C98C15891A745C1900B53D6B /* Build configuration list for PBXNativeTarget "SKActionSheet" */ = {
			isa = XCConfigurationList;
			buildConfigurations = (
				C98C158A1A745C1900B53D6B /* Debug */,
				C98C158B1A745C1900B53D6B /* Release */,
			);
			defaultConfigurationIsVisible = 0;
		};
		C98C158C1A745C1900B53D6B /* Build configuration list for PBXNativeTarget "SKActionSheetTests" */ = {
			isa = XCConfigurationList;
			buildConfigurations = (
				C98C158D1A745C1900B53D6B /* Debug */,
				C98C158E1A745C1900B53D6B /* Release */,
			);
			defaultConfigurationIsVisible = 0;
		};
/* End XCConfigurationList section */
	};
	rootObject = C98C155E1A745C1900B53D6B /* Project object */;
}
